github.com/GoesToEleven/dog v0.0.0-20230428023317-90bef1c76cb9 h1:WtQjqEAV0EwbFVvp4ETs4XvRmdE0+r578aLTAnay80Y=
github.com/GoesToEleven/dog v0.0.0-20230428023317-90bef1c76cb9/go.mod h1:bSJZIYrINAWfFsUPONiX6V8GGsCFquPtn5yE6DFvIkE=
github.com/GoesToEleven/puppy v0.0.0-20230428022243-c324a60db7a0 h1:f1ChOG6lkI7LK0qjan8k1smyGkuxHYugL+z6gF8rS4E=
github.com/GoesToEleven/puppy v0.0.0-20230428022243-c324a60db7a0/go.mod h1:I2NVFiYIKk15hPhqPEkFo5Oweq4lTsG9t91pRGySeC0=
github.com/GoesToEleven/puppy v0.0.0-20230428023817-501e211ca7a0 h1:pOfdw+4ewK29TyeApLbeIws3OX2LiUjiS971HWnpjNc=
github.com/GoesToEleven/puppy v0.0.0-20230428023817-501e211ca7a0/go.mod h1:WobEgPdFB6u5c9xLvtp3KOhVIdHaYYpH6pZVOcLq0+w=
golang.org/x/exp v0.0.0-20230425010034-47ecfdc1ba53 h1:5llv2sWeaMSnA3w2kS57ouQQ4pudlXrR0dCgw51QK9o=
golang.org/x/exp v0.0.0-20230425010034-47ecfdc1ba53/go.mod h1:V1LtkGg67GoY2N1AnLN78QLrzxkLyJw7RJb1gzOOz9w=
